
Microsoft Visual Studio Solution File, Format Version 12.00
# Visual Studio 15
VisualStudioVersion = 15.0.26124.0
MinimumVisualStudioVersion = 15.0.26124.0
Project("{2150E333-8FDC-42A3-9474-1A3956D46DE8}") = "src", "src", "{FD6440A6-9011-4A11-AECA-98F758757DE1}"
EndProject
Project("{FAE04EC0-301F-11D3-BF4B-00C04F79EFBC}") = "Boilerplate.Api", "src\Boilerplate.Api\Boilerplate.Api.csproj", "{40C9990E-FE59-462B-BA88-0082531B1AAE}"
EndProject
Project("{2150E333-8FDC-42A3-9474-1A3956D46DE8}") = "tests", "tests", "{8041D3C7-DD22-4227-9B90-AAB7157B2DA7}"
EndProject
Project("{FAE04EC0-301F-11D3-BF4B-00C04F79EFBC}") = "Boilerplate.Api.UnitTests", "tests\Boilerplate.Api.UnitTests\Boilerplate.Api.UnitTests.csproj", "{26C1C517-EDEC-4089-852F-85C4095D25CD}"
EndProject
Global
	GlobalSection(SolutionConfigurationPlatforms) = preSolution
		Debug|Any CPU = Debug|Any CPU
		Debug|x64 = Debug|x64
		Debug|x86 = Debug|x86
		Release|Any CPU = Release|Any CPU
		Release|x64 = Release|x64
		Release|x86 = Release|x86
	EndGlobalSection
	GlobalSection(SolutionProperties) = preSolution
		HideSolutionNode = FALSE
	EndGlobalSection
	GlobalSection(ProjectConfigurationPlatforms) = postSolution
		{40C9990E-FE59-462B-BA88-0082531B1AAE}.Debug|Any CPU.ActiveCfg = Debug|Any CPU
		{40C9990E-FE59-462B-BA88-0082531B1AAE}.Debug|Any CPU.Build.0 = Debug|Any CPU
		{40C9990E-FE59-462B-BA88-0082531B1AAE}.Debug|x64.ActiveCfg = Debug|Any CPU
		{40C9990E-FE59-462B-BA88-0082531B1AAE}.Debug|x64.Build.0 = Debug|Any CPU
		{40C9990E-FE59-462B-BA88-0082531B1AAE}.Debug|x86.ActiveCfg = Debug|Any CPU
		{40C9990E-FE59-462B-BA88-0082531B1AAE}.Debug|x86.Build.0 = Debug|Any CPU
		{40C9990E-FE59-462B-BA88-0082531B1AAE}.Release|Any CPU.ActiveCfg = Release|Any CPU
		{40C9990E-FE59-462B-BA88-0082531B1AAE}.Release|Any CPU.Build.0 = Release|Any CPU
		{40C9990E-FE59-462B-BA88-0082531B1AAE}.Release|x64.ActiveCfg = Release|Any CPU
		{40C9990E-FE59-462B-BA88-0082531B1AAE}.Release|x64.Build.0 = Release|Any CPU
		{40C9990E-FE59-462B-BA88-0082531B1AAE}.Release|x86.ActiveCfg = Release|Any CPU
		{40C9990E-FE59-462B-BA88-0082531B1AAE}.Release|x86.Build.0 = Release|Any CPU
		{26C1C517-EDEC-4089-852F-85C4095D25CD}.Debug|Any CPU.ActiveCfg = Debug|Any CPU
		{26C1C517-EDEC-4089-852F-85C4095D25CD}.Debug|Any CPU.Build.0 = Debug|Any CPU
		{26C1C517-EDEC-4089-852F-85C4095D25CD}.Debug|x64.ActiveCfg = Debug|Any CPU
		{26C1C517-EDEC-4089-852F-85C4095D25CD}.Debug|x64.Build.0 = Debug|Any CPU
		{26C1C517-EDEC-4089-852F-85C4095D25CD}.Debug|x86.ActiveCfg = Debug|Any CPU
		{26C1C517-EDEC-4089-852F-85C4095D25CD}.Debug|x86.Build.0 = Debug|Any CPU
		{26C1C517-EDEC-4089-852F-85C4095D25CD}.Release|Any CPU.ActiveCfg = Release|Any CPU
		{26C1C517-EDEC-4089-852F-85C4095D25CD}.Release|Any CPU.Build.0 = Release|Any CPU
		{26C1C517-EDEC-4089-852F-85C4095D25CD}.Release|x64.ActiveCfg = Release|Any CPU
		{26C1C517-EDEC-4089-852F-85C4095D25CD}.Release|x64.Build.0 = Release|Any CPU
		{26C1C517-EDEC-4089-852F-85C4095D25CD}.Release|x86.ActiveCfg = Release|Any CPU
		{26C1C517-EDEC-4089-852F-85C4095D25CD}.Release|x86.Build.0 = Release|Any CPU
	EndGlobalSection
	GlobalSection(NestedProjects) = preSolution
		{40C9990E-FE59-462B-BA88-0082531B1AAE} = {FD6440A6-9011-4A11-AECA-98F758757DE1}
		{26C1C517-EDEC-4089-852F-85C4095D25CD} = {8041D3C7-DD22-4227-9B90-AAB7157B2DA7}
	EndGlobalSection
EndGlobal
